
Microsoft Visual Studio Solution File, Format Version 12.00
# Visual Studio Version 16
VisualStudioVersion = 16.0.30225.117
MinimumVisualStudioVersion = 10.0.40219.1
Project("{FAE04EC0-301F-11D3-BF4B-00C04F79EFBC}") = "FundAPI", "FundAPI\FundAPI.csproj", "{B293E157-B87E-4AE9-B1B0-0230312FB675}"
EndProject
Global
	GlobalSection(SolutionConfigurationPlatforms) = preSolution
		Debug|Any CPU = Debug|Any CPU
		Release|Any CPU = Release|Any CPU
	EndGlobalSection
	GlobalSection(ProjectConfigurationPlatforms) = postSolution
		{B293E157-B87E-4AE9-B1B0-0230312FB675}.Debug|Any CPU.ActiveCfg = Debug|Any CPU
		{B293E157-B87E-4AE9-B1B0-0230312FB675}.Debug|Any CPU.Build.0 = Debug|Any CPU
		{B293E157-B87E-4AE9-B1B0-0230312FB675}.Release|Any CPU.ActiveCfg = Release|Any CPU
		{B293E157-B87E-4AE9-B1B0-0230312FB675}.Release|Any CPU.Build.0 = Release|Any CPU
	EndGlobalSection
	GlobalSection(SolutionProperties) = preSolution
		HideSolutionNode = FALSE
	EndGlobalSection
	GlobalSection(ExtensibilityGlobals) = postSolution
		SolutionGuid = {AD4A5B3E-AEB0-4BF3-B85F-896DABFB9D5C}
	EndGlobalSection
EndGlobal
